
Microsoft Visual Studio Solution File, Format Version 12.00
# Visual Studio Version 17
VisualStudioVersion = 17.1.32414.318
MinimumVisualStudioVersion = 10.0.40219.1
Project("{FAE04EC0-301F-11D3-BF4B-00C04F79EFBC}") = "Course", "Course\Course.csproj", "{395159C2-3F74-410C-A7D5-2A01F43F3D62}"
EndProject
Global
	GlobalSection(SolutionConfigurationPlatforms) = preSolution
		Debug|Any CPU = Debug|Any CPU
		Release|Any CPU = Release|Any CPU
	EndGlobalSection
	GlobalSection(ProjectConfigurationPlatforms) = postSolution
		{395159C2-3F74-410C-A7D5-2A01F43F3D62}.Debug|Any CPU.ActiveCfg = Debug|Any CPU
		{395159C2-3F74-410C-A7D5-2A01F43F3D62}.Debug|Any CPU.Build.0 = Debug|Any CPU
		{395159C2-3F74-410C-A7D5-2A01F43F3D62}.Release|Any CPU.ActiveCfg = Release|Any CPU
		{395159C2-3F74-410C-A7D5-2A01F43F3D62}.Release|Any CPU.Build.0 = Release|Any CPU
	EndGlobalSection
	GlobalSection(SolutionProperties) = preSolution
		HideSolutionNode = FALSE
	EndGlobalSection
	GlobalSection(ExtensibilityGlobals) = postSolution
		SolutionGuid = {2C6BB914-8102-4004-BD25-00042A4D6EE3}
	EndGlobalSection
EndGlobal
